
Microsoft Visual Studio Solution File, Format Version 12.00
# Visual Studio Version 16
VisualStudioVersion = 16.0.34301.259
MinimumVisualStudioVersion = 10.0.40219.1
Project("{2150E333-8FDC-42A3-9474-1A3956D46DE8}") = "2.Servicios", "2.Servicios", "{36620560-1E8E-4312-B1E5-5D898A620266}"
EndProject
Project("{2150E333-8FDC-42A3-9474-1A3956D46DE8}") = "CoreApi", "CoreApi", "{85272564-F7B7-49D5-B4E8-CAF8886F9524}"
EndProject
Project("{2150E333-8FDC-42A3-9474-1A3956D46DE8}") = "Infraestructura", "Infraestructura", "{99A507FF-CBFC-4C7B-A891-BC7419D22DEF}"
EndProject
Project("{2150E333-8FDC-42A3-9474-1A3956D46DE8}") = "3.Transversal", "3.Transversal", "{BD791D14-1E46-4E1C-B9B3-126E8ECF0F86}"
EndProject
Project("{2150E333-8FDC-42A3-9474-1A3956D46DE8}") = "4.MapDB", "4.MapDB", "{9A232915-5949-4FF0-A1C7-4D02753AE872}"
EndProject
Project("{2150E333-8FDC-42A3-9474-1A3956D46DE8}") = "1.Presentacion", "1.Presentacion", "{DD525F0C-40CE-4278-BE4F-7669170CAB09}"
EndProject
Project("{9A19103F-16F7-4668-BE54-9A1E7A4F7556}") = "Prod.SNE.MVC", "Prod.SNE.MVC\Prod.SNE.MVC.csproj", "{21A23C2E-A423-488A-92F4-DF545ED03698}"
EndProject
Project("{9A19103F-16F7-4668-BE54-9A1E7A4F7556}") = "Prod.SNE.MVC.Configuracion", "Prod.SNE.MVC.Configuracion\Prod.SNE.MVC.Configuracion.csproj", "{A6883734-7D93-476B-9C97-4201D54B6F3C}"
EndProject
Project("{9A19103F-16F7-4668-BE54-9A1E7A4F7556}") = "Prod.SNE.Core.Api", "Prod.SNE.Core.Api\Prod.SNE.Core.Api.csproj", "{531C1828-982B-4AC9-9AB5-B754BED3A7D9}"
EndProject
Project("{9A19103F-16F7-4668-BE54-9A1E7A4F7556}") = "Prod.SNE.Core", "Prod.SNE.Core\Prod.SNE.Core.csproj", "{C595F6BC-A687-4FCD-B887-D0399F9F485A}"
EndProject
Project("{9A19103F-16F7-4668-BE54-9A1E7A4F7556}") = "Prod.SNE.Entidades", "Prod.SNE.Entidades\Prod.SNE.Entidades.csproj", "{FF772A99-8A75-4EF8-B208-434951FEB806}"
EndProject
Project("{9A19103F-16F7-4668-BE54-9A1E7A4F7556}") = "Prod.SNE.ServiciosExternos", "Prod.SNE.ServiciosExternos\Prod.SNE.ServiciosExternos.csproj", "{918B60C6-7EB1-4C34-B691-A0CD959EDD49}"
EndProject
Project("{FAE04EC0-301F-11D3-BF4B-00C04F79EFBC}") = "Prod.SNE.Datos", "MapDB\Prod.SNE.MapDB\Prod.SNE.Datos\Prod.SNE.Datos.csproj", "{8263962B-8E75-401A-BCAF-B71324DC5CD3}"
EndProject
Project("{9A19103F-16F7-4668-BE54-9A1E7A4F7556}") = "Prod.SNE.Core.Datos", "Prod.SNE.Core.Datos\Prod.SNE.Core.Datos.csproj", "{810A9F64-54D2-49D3-B063-4FC96106B428}"
EndProject
Global
	GlobalSection(SolutionConfigurationPlatforms) = preSolution
		Debug|Any CPU = Debug|Any CPU
		Release|Any CPU = Release|Any CPU
	EndGlobalSection
	GlobalSection(ProjectConfigurationPlatforms) = postSolution
		{21A23C2E-A423-488A-92F4-DF545ED03698}.Debug|Any CPU.ActiveCfg = Debug|Any CPU
		{21A23C2E-A423-488A-92F4-DF545ED03698}.Debug|Any CPU.Build.0 = Debug|Any CPU
		{21A23C2E-A423-488A-92F4-DF545ED03698}.Release|Any CPU.ActiveCfg = Release|Any CPU
		{21A23C2E-A423-488A-92F4-DF545ED03698}.Release|Any CPU.Build.0 = Release|Any CPU
		{A6883734-7D93-476B-9C97-4201D54B6F3C}.Debug|Any CPU.ActiveCfg = Debug|Any CPU
		{A6883734-7D93-476B-9C97-4201D54B6F3C}.Debug|Any CPU.Build.0 = Debug|Any CPU
		{A6883734-7D93-476B-9C97-4201D54B6F3C}.Release|Any CPU.ActiveCfg = Release|Any CPU
		{A6883734-7D93-476B-9C97-4201D54B6F3C}.Release|Any CPU.Build.0 = Release|Any CPU
		{531C1828-982B-4AC9-9AB5-B754BED3A7D9}.Debug|Any CPU.ActiveCfg = Debug|Any CPU
		{531C1828-982B-4AC9-9AB5-B754BED3A7D9}.Debug|Any CPU.Build.0 = Debug|Any CPU
		{531C1828-982B-4AC9-9AB5-B754BED3A7D9}.Release|Any CPU.ActiveCfg = Release|Any CPU
		{531C1828-982B-4AC9-9AB5-B754BED3A7D9}.Release|Any CPU.Build.0 = Release|Any CPU
		{C595F6BC-A687-4FCD-B887-D0399F9F485A}.Debug|Any CPU.ActiveCfg = Debug|Any CPU
		{C595F6BC-A687-4FCD-B887-D0399F9F485A}.Debug|Any CPU.Build.0 = Debug|Any CPU
		{C595F6BC-A687-4FCD-B887-D0399F9F485A}.Release|Any CPU.ActiveCfg = Release|Any CPU
		{C595F6BC-A687-4FCD-B887-D0399F9F485A}.Release|Any CPU.Build.0 = Release|Any CPU
		{FF772A99-8A75-4EF8-B208-434951FEB806}.Debug|Any CPU.ActiveCfg = Debug|Any CPU
		{FF772A99-8A75-4EF8-B208-434951FEB806}.Debug|Any CPU.Build.0 = Debug|Any CPU
		{FF772A99-8A75-4EF8-B208-434951FEB806}.Release|Any CPU.ActiveCfg = Release|Any CPU
		{FF772A99-8A75-4EF8-B208-434951FEB806}.Release|Any CPU.Build.0 = Release|Any CPU
		{918B60C6-7EB1-4C34-B691-A0CD959EDD49}.Debug|Any CPU.ActiveCfg = Debug|Any CPU
		{918B60C6-7EB1-4C34-B691-A0CD959EDD49}.Debug|Any CPU.Build.0 = Debug|Any CPU
		{918B60C6-7EB1-4C34-B691-A0CD959EDD49}.Release|Any CPU.ActiveCfg = Release|Any CPU
		{918B60C6-7EB1-4C34-B691-A0CD959EDD49}.Release|Any CPU.Build.0 = Release|Any CPU
		{8263962B-8E75-401A-BCAF-B71324DC5CD3}.Debug|Any CPU.ActiveCfg = Debug|Any CPU
		{8263962B-8E75-401A-BCAF-B71324DC5CD3}.Debug|Any CPU.Build.0 = Debug|Any CPU
		{8263962B-8E75-401A-BCAF-B71324DC5CD3}.Release|Any CPU.ActiveCfg = Release|Any CPU
		{8263962B-8E75-401A-BCAF-B71324DC5CD3}.Release|Any CPU.Build.0 = Release|Any CPU
		{810A9F64-54D2-49D3-B063-4FC96106B428}.Debug|Any CPU.ActiveCfg = Debug|Any CPU
		{810A9F64-54D2-49D3-B063-4FC96106B428}.Debug|Any CPU.Build.0 = Debug|Any CPU
		{810A9F64-54D2-49D3-B063-4FC96106B428}.Release|Any CPU.ActiveCfg = Release|Any CPU
		{810A9F64-54D2-49D3-B063-4FC96106B428}.Release|Any CPU.Build.0 = Release|Any CPU
	EndGlobalSection
	GlobalSection(SolutionProperties) = preSolution
		HideSolutionNode = FALSE
	EndGlobalSection
	GlobalSection(NestedProjects) = preSolution
		{85272564-F7B7-49D5-B4E8-CAF8886F9524} = {36620560-1E8E-4312-B1E5-5D898A620266}
		{99A507FF-CBFC-4C7B-A891-BC7419D22DEF} = {85272564-F7B7-49D5-B4E8-CAF8886F9524}
		{21A23C2E-A423-488A-92F4-DF545ED03698} = {DD525F0C-40CE-4278-BE4F-7669170CAB09}
		{A6883734-7D93-476B-9C97-4201D54B6F3C} = {DD525F0C-40CE-4278-BE4F-7669170CAB09}
		{531C1828-982B-4AC9-9AB5-B754BED3A7D9} = {85272564-F7B7-49D5-B4E8-CAF8886F9524}
		{C595F6BC-A687-4FCD-B887-D0399F9F485A} = {85272564-F7B7-49D5-B4E8-CAF8886F9524}
		{FF772A99-8A75-4EF8-B208-434951FEB806} = {BD791D14-1E46-4E1C-B9B3-126E8ECF0F86}
		{918B60C6-7EB1-4C34-B691-A0CD959EDD49} = {BD791D14-1E46-4E1C-B9B3-126E8ECF0F86}
		{8263962B-8E75-401A-BCAF-B71324DC5CD3} = {9A232915-5949-4FF0-A1C7-4D02753AE872}
		{810A9F64-54D2-49D3-B063-4FC96106B428} = {99A507FF-CBFC-4C7B-A891-BC7419D22DEF}
	EndGlobalSection
	GlobalSection(ExtensibilityGlobals) = postSolution
		SolutionGuid = {9C4D9709-153E-4B5D-8FFE-B2121A56A9CF}
	EndGlobalSection
EndGlobal
